
Microsoft Visual Studio Solution File, Format Version 12.00
# Visual Studio Version 16
VisualStudioVersion = 16.0.31424.327
MinimumVisualStudioVersion = 10.0.40219.1
Project("{9A19103F-16F7-4668-BE54-9A1E7A4F7556}") = "DataAccess", "DataAccess\DataAccess.csproj", "{CD1FC91D-77C9-413E-A67B-05803F82846C}"
EndProject
Project("{9A19103F-16F7-4668-BE54-9A1E7A4F7556}") = "Business", "Business\Business.csproj", "{765C115E-48B4-405E-B1CF-C55435BEC967}"
EndProject
Project("{9A19103F-16F7-4668-BE54-9A1E7A4F7556}") = "Entities", "Entities\Entities.csproj", "{8D377AC0-0F05-42D1-B909-AB370F55BD5C}"
EndProject
Project("{9A19103F-16F7-4668-BE54-9A1E7A4F7556}") = "ConsoleUI", "ConsoleUI\ConsoleUI.csproj", "{E5FD4BCA-01EB-46B9-9C3A-1E1F1559B601}"
EndProject
Project("{9A19103F-16F7-4668-BE54-9A1E7A4F7556}") = "Core", "Core\Core.csproj", "{D265157F-244B-4B52-9802-9FEC54BA9741}"
EndProject
Project("{FAE04EC0-301F-11D3-BF4B-00C04F79EFBC}") = "WebAPI", "WebAPI\WebAPI.csproj", "{BE9A85F9-BAC7-47B9-ADDD-ED511164CFE3}"
EndProject
Global
	GlobalSection(SolutionConfigurationPlatforms) = preSolution
		Debug|Any CPU = Debug|Any CPU
		Release|Any CPU = Release|Any CPU
	EndGlobalSection
	GlobalSection(ProjectConfigurationPlatforms) = postSolution
		{CD1FC91D-77C9-413E-A67B-05803F82846C}.Debug|Any CPU.ActiveCfg = Debug|Any CPU
		{CD1FC91D-77C9-413E-A67B-05803F82846C}.Debug|Any CPU.Build.0 = Debug|Any CPU
		{CD1FC91D-77C9-413E-A67B-05803F82846C}.Release|Any CPU.ActiveCfg = Release|Any CPU
		{CD1FC91D-77C9-413E-A67B-05803F82846C}.Release|Any CPU.Build.0 = Release|Any CPU
		{765C115E-48B4-405E-B1CF-C55435BEC967}.Debug|Any CPU.ActiveCfg = Debug|Any CPU
		{765C115E-48B4-405E-B1CF-C55435BEC967}.Debug|Any CPU.Build.0 = Debug|Any CPU
		{765C115E-48B4-405E-B1CF-C55435BEC967}.Release|Any CPU.ActiveCfg = Release|Any CPU
		{765C115E-48B4-405E-B1CF-C55435BEC967}.Release|Any CPU.Build.0 = Release|Any CPU
		{8D377AC0-0F05-42D1-B909-AB370F55BD5C}.Debug|Any CPU.ActiveCfg = Debug|Any CPU
		{8D377AC0-0F05-42D1-B909-AB370F55BD5C}.Debug|Any CPU.Build.0 = Debug|Any CPU
		{8D377AC0-0F05-42D1-B909-AB370F55BD5C}.Release|Any CPU.ActiveCfg = Release|Any CPU
		{8D377AC0-0F05-42D1-B909-AB370F55BD5C}.Release|Any CPU.Build.0 = Release|Any CPU
		{E5FD4BCA-01EB-46B9-9C3A-1E1F1559B601}.Debug|Any CPU.ActiveCfg = Debug|Any CPU
		{E5FD4BCA-01EB-46B9-9C3A-1E1F1559B601}.Debug|Any CPU.Build.0 = Debug|Any CPU
		{E5FD4BCA-01EB-46B9-9C3A-1E1F1559B601}.Release|Any CPU.ActiveCfg = Release|Any CPU
		{E5FD4BCA-01EB-46B9-9C3A-1E1F1559B601}.Release|Any CPU.Build.0 = Release|Any CPU
		{D265157F-244B-4B52-9802-9FEC54BA9741}.Debug|Any CPU.ActiveCfg = Debug|Any CPU
		{D265157F-244B-4B52-9802-9FEC54BA9741}.Debug|Any CPU.Build.0 = Debug|Any CPU
		{D265157F-244B-4B52-9802-9FEC54BA9741}.Release|Any CPU.ActiveCfg = Release|Any CPU
		{D265157F-244B-4B52-9802-9FEC54BA9741}.Release|Any CPU.Build.0 = Release|Any CPU
		{BE9A85F9-BAC7-47B9-ADDD-ED511164CFE3}.Debug|Any CPU.ActiveCfg = Debug|Any CPU
		{BE9A85F9-BAC7-47B9-ADDD-ED511164CFE3}.Debug|Any CPU.Build.0 = Debug|Any CPU
		{BE9A85F9-BAC7-47B9-ADDD-ED511164CFE3}.Release|Any CPU.ActiveCfg = Release|Any CPU
		{BE9A85F9-BAC7-47B9-ADDD-ED511164CFE3}.Release|Any CPU.Build.0 = Release|Any CPU
	EndGlobalSection
	GlobalSection(SolutionProperties) = preSolution
		HideSolutionNode = FALSE
	EndGlobalSection
	GlobalSection(ExtensibilityGlobals) = postSolution
		SolutionGuid = {FCB1D097-F888-408E-9381-4E2D230927A0}
	EndGlobalSection
EndGlobal
